// !$*UTF8*$!
{
	archiveVersion = 1;
	classes = {
	};
	objectVersion = 56;
	objects = {

/* Begin PBXBuildFile section */
		B764715A290932AB005A3125 /* CellView.swift in Sources */ = {isa = PBXBuildFile; fileRef = B7647159290932AB005A3125 /* CellView.swift */; };
		B791E3AA29080F95006421FB /* StartView.swift in Sources */ = {isa = PBXBuildFile; fileRef = B791E3A929080F95006421FB /* StartView.swift */; };
		B791E3AC29081004006421FB /* StartButtonView.swift in Sources */ = {isa = PBXBuildFile; fileRef = B791E3AB29081004006421FB /* StartButtonView.swift */; };
		B7D71E492906806A00234120 /* PaybackApp.swift in Sources */ = {isa = PBXBuildFile; fileRef = B7D71E482906806A00234120 /* PaybackApp.swift */; };
		B7D71E4B2906806A00234120 /* ContentView.swift in Sources */ = {isa = PBXBuildFile; fileRef = B7D71E4A2906806A00234120 /* ContentView.swift */; };
		B7D71E4D2906806B00234120 /* Assets.xcassets in Resources */ = {isa = PBXBuildFile; fileRef = B7D71E4C2906806B00234120 /* Assets.xcassets */; };
		B7D71E502906806B00234120 /* Preview Assets.xcassets in Resources */ = {isa = PBXBuildFile; fileRef = B7D71E4F2906806B00234120 /* Preview Assets.xcassets */; };
		B7D71E522906806B00234120 /* Persistence.swift in Sources */ = {isa = PBXBuildFile; fileRef = B7D71E512906806B00234120 /* Persistence.swift */; };
		B7D71E552906806B00234120 /* Payback.xcdatamodeld in Sources */ = {isa = PBXBuildFile; fileRef = B7D71E532906806B00234120 /* Payback.xcdatamodeld */; };
		B7D71E5D2906811700234120 /* AddDutyView.swift in Sources */ = {isa = PBXBuildFile; fileRef = B7D71E5C2906811600234120 /* AddDutyView.swift */; };
		B7D71E5F290681AB00234120 /* AboutDutyView.swift in Sources */ = {isa = PBXBuildFile; fileRef = B7D71E5E290681AB00234120 /* AboutDutyView.swift */; };
		B7D71E612906825100234120 /* Function.swift in Sources */ = {isa = PBXBuildFile; fileRef = B7D71E602906825100234120 /* Function.swift */; };
		B7D934C82909A1E100357FAE /* VideoView.swift in Sources */ = {isa = PBXBuildFile; fileRef = B7D934C72909A1E100357FAE /* VideoView.swift */; };
/* End PBXBuildFile section */

/* Begin PBXFileReference section */
		B7647159290932AB005A3125 /* CellView.swift */ = {isa = PBXFileReference; lastKnownFileType = sourcecode.swift; path = CellView.swift; sourceTree = "<group>"; };
		B791E3A929080F95006421FB /* StartView.swift */ = {isa = PBXFileReference; lastKnownFileType = sourcecode.swift; path = StartView.swift; sourceTree = "<group>"; };
		B791E3AB29081004006421FB /* StartButtonView.swift */ = {isa = PBXFileReference; lastKnownFileType = sourcecode.swift; path = StartButtonView.swift; sourceTree = "<group>"; };
		B7D71E452906806A00234120 /* Payback.app */ = {isa = PBXFileReference; explicitFileType = wrapper.application; includeInIndex = 0; path = Payback.app; sourceTree = BUILT_PRODUCTS_DIR; };
		B7D71E482906806A00234120 /* PaybackApp.swift */ = {isa = PBXFileReference; lastKnownFileType = sourcecode.swift; path = PaybackApp.swift; sourceTree = "<group>"; };
		B7D71E4A2906806A00234120 /* ContentView.swift */ = {isa = PBXFileReference; lastKnownFileType = sourcecode.swift; name = ContentView.swift; path = ../ContentView.swift; sourceTree = "<group>"; };
		B7D71E4C2906806B00234120 /* Assets.xcassets */ = {isa = PBXFileReference; lastKnownFileType = folder.assetcatalog; path = Assets.xcassets; sourceTree = "<group>"; };
		B7D71E4F2906806B00234120 /* Preview Assets.xcassets */ = {isa = PBXFileReference; lastKnownFileType = folder.assetcatalog; path = "Preview Assets.xcassets"; sourceTree = "<group>"; };
		B7D71E512906806B00234120 /* Persistence.swift */ = {isa = PBXFileReference; lastKnownFileType = sourcecode.swift; path = Persistence.swift; sourceTree = "<group>"; };
		B7D71E542906806B00234120 /* Payback.xcdatamodel */ = {isa = PBXFileReference; lastKnownFileType = wrapper.xcdatamodel; path = Payback.xcdatamodel; sourceTree = "<group>"; };
		B7D71E5C2906811600234120 /* AddDutyView.swift */ = {isa = PBXFileReference; lastKnownFileType = sourcecode.swift; path = AddDutyView.swift; sourceTree = "<group>"; };
		B7D71E5E290681AB00234120 /* AboutDutyView.swift */ = {isa = PBXFileReference; lastKnownFileType = sourcecode.swift; path = AboutDutyView.swift; sourceTree = "<group>"; };
		B7D71E602906825100234120 /* Function.swift */ = {isa = PBXFileReference; lastKnownFileType = sourcecode.swift; path = Function.swift; sourceTree = "<group>"; };
		B7D934C72909A1E100357FAE /* VideoView.swift */ = {isa = PBXFileReference; lastKnownFileType = sourcecode.swift; path = VideoView.swift; sourceTree = "<group>"; };
/* End PBXFileReference section */

/* Begin PBXFrameworksBuildPhase section */
		B7D71E422906806A00234120 /* Frameworks */ = {
			isa = PBXFrameworksBuildPhase;
			buildActionMask = 2147483647;
			files = (
			);
			runOnlyForDeploymentPostprocessing = 0;
		};
/* End PBXFrameworksBuildPhase section */

/* Begin PBXGroup section */
		B791E3AD2908130C006421FB /* Model */ = {
			isa = PBXGroup;
			children = (
				B7D71E512906806B00234120 /* Persistence.swift */,
				B7D71E532906806B00234120 /* Payback.xcdatamodeld */,
			);
			path = Model;
			sourceTree = "<group>";
		};
		B7D71E3C2906806A00234120 = {
			isa = PBXGroup;
			children = (
				B7D71E472906806A00234120 /* Payback */,
				B7D71E462906806A00234120 /* Products */,
			);
			sourceTree = "<group>";
		};
		B7D71E462906806A00234120 /* Products */ = {
			isa = PBXGroup;
			children = (
				B7D71E452906806A00234120 /* Payback.app */,
			);
			name = Products;
			sourceTree = "<group>";
		};
		B7D71E472906806A00234120 /* Payback */ = {
			isa = PBXGroup;
			children = (
				B791E3AD2908130C006421FB /* Model */,
				B7D71E5B290680AD00234120 /* View */,
				B7D71E482906806A00234120 /* PaybackApp.swift */,
				B7D71E4C2906806B00234120 /* Assets.xcassets */,
				B7D71E4E2906806B00234120 /* Preview Content */,
				B7D71E602906825100234120 /* Function.swift */,
			);
			path = Payback;
			sourceTree = "<group>";
		};
		B7D71E4E2906806B00234120 /* Preview Content */ = {
			isa = PBXGroup;
			children = (
				B7D71E4F2906806B00234120 /* Preview Assets.xcassets */,
			);
			path = "Preview Content";
			sourceTree = "<group>";
		};
		B7D71E5B290680AD00234120 /* View */ = {
			isa = PBXGroup;
			children = (
				B7D71E4A2906806A00234120 /* ContentView.swift */,
				B7D71E5C2906811600234120 /* AddDutyView.swift */,
				B7D71E5E290681AB00234120 /* AboutDutyView.swift */,
				B791E3A929080F95006421FB /* StartView.swift */,
				B791E3AB29081004006421FB /* StartButtonView.swift */,
				B7647159290932AB005A3125 /* CellView.swift */,
				B7D934C72909A1E100357FAE /* VideoView.swift */,
			);
			path = View;
			sourceTree = "<group>";
		};
/* End PBXGroup section */

/* Begin PBXNativeTarget section */
		B7D71E442906806A00234120 /* Payback */ = {
			isa = PBXNativeTarget;
			buildConfigurationList = B7D71E582906806B00234120 /* Build configuration list for PBXNativeTarget "Payback" */;
			buildPhases = (
				B7D71E412906806A00234120 /* Sources */,
				B7D71E422906806A00234120 /* Frameworks */,
				B7D71E432906806A00234120 /* Resources */,
			);
			buildRules = (
			);
			dependencies = (
			);
			name = Payback;
			productName = Payback;
			productReference = B7D71E452906806A00234120 /* Payback.app */;
			productType = "com.apple.product-type.application";
		};
/* End PBXNativeTarget section */

/* Begin PBXProject section */
		B7D71E3D2906806A00234120 /* Project object */ = {
			isa = PBXProject;
			attributes = {
				BuildIndependentTargetsInParallel = 1;
				LastSwiftUpdateCheck = 1400;
				LastUpgradeCheck = 1400;
				TargetAttributes = {
					B7D71E442906806A00234120 = {
						CreatedOnToolsVersion = 14.0.1;
					};
				};
			};
			buildConfigurationList = B7D71E402906806A00234120 /* Build configuration list for PBXProject "Payback" */;
			compatibilityVersion = "Xcode 14.0";
			developmentRegion = en;
			hasScannedForEncodings = 0;
			knownRegions = (
				en,
				Base,
			);
			mainGroup = B7D71E3C2906806A00234120;
			productRefGroup = B7D71E462906806A00234120 /* Products */;
			projectDirPath = "";
			projectRoot = "";
			targets = (
				B7D71E442906806A00234120 /* Payback */,
			);
		};
/* End PBXProject section */

/* Begin PBXResourcesBuildPhase section */
		B7D71E432906806A00234120 /* Resources */ = {
			isa = PBXResourcesBuildPhase;
			buildActionMask = 2147483647;
			files = (
				B7D71E502906806B00234120 /* Preview Assets.xcassets in Resources */,
				B7D71E4D2906806B00234120 /* Assets.xcassets in Resources */,
			);
			runOnlyForDeploymentPostprocessing = 0;
		};
/* End PBXResourcesBuildPhase section */

/* Begin PBXSourcesBuildPhase section */
		B7D71E412906806A00234120 /* Sources */ = {
			isa = PBXSourcesBuildPhase;
			buildActionMask = 2147483647;
			files = (
				B791E3AC29081004006421FB /* StartButtonView.swift in Sources */,
				B7D71E5F290681AB00234120 /* AboutDutyView.swift in Sources */,
				B7D71E5D2906811700234120 /* AddDutyView.swift in Sources */,
				B7D71E612906825100234120 /* Function.swift in Sources */,
				B791E3AA29080F95006421FB /* StartView.swift in Sources */,
				B7D71E522906806B00234120 /* Persistence.swift in Sources */,
				B764715A290932AB005A3125 /* CellView.swift in Sources */,
				B7D71E4B2906806A00234120 /* ContentView.swift in Sources */,
				B7D71E492906806A00234120 /* PaybackApp.swift in Sources */,
				B7D934C82909A1E100357FAE /* VideoView.swift in Sources */,
				B7D71E552906806B00234120 /* Payback.xcdatamodeld in Sources */,
			);
			runOnlyForDeploymentPostprocessing = 0;
		};
/* End PBXSourcesBuildPhase section */

/* Begin XCBuildConfiguration section */
		B7D71E562906806B00234120 /* Debug */ = {
			isa = XCBuildConfiguration;
			buildSettings = {
				ALWAYS_SEARCH_USER_PATHS = NO;
				CLANG_ANALYZER_NONNULL = YES;
				CLANG_ANALYZER_NUMBER_OBJECT_CONVERSION = YES_AGGRESSIVE;
				CLANG_CXX_LANGUAGE_STANDARD = "gnu++20";
				CLANG_ENABLE_MODULES = YES;
				CLANG_ENABLE_OBJC_ARC = YES;
				CLANG_ENABLE_OBJC_WEAK = YES;
				CLANG_WARN_BLOCK_CAPTURE_AUTORELEASING = YES;
				CLANG_WARN_BOOL_CONVERSION = YES;
				CLANG_WARN_COMMA = YES;
				CLANG_WARN_CONSTANT_CONVERSION = YES;
				CLANG_WARN_DEPRECATED_OBJC_IMPLEMENTATIONS = YES;
				CLANG_WARN_DIRECT_OBJC_ISA_USAGE = YES_ERROR;
				CLANG_WARN_DOCUMENTATION_COMMENTS = YES;
				CLANG_WARN_EMPTY_BODY = YES;
				CLANG_WARN_ENUM_CONVERSION = YES;
				CLANG_WARN_INFINITE_RECURSION = YES;
				CLANG_WARN_INT_CONVERSION = YES;
				CLANG_WARN_NON_LITERAL_NULL_CONVERSION = YES;
				CLANG_WARN_OBJC_IMPLICIT_RETAIN_SELF = YES;
				CLANG_WARN_OBJC_LITERAL_CONVERSION = YES;
				CLANG_WARN_OBJC_ROOT_CLASS = YES_ERROR;
				CLANG_WARN_QUOTED_INCLUDE_IN_FRAMEWORK_HEADER = YES;
				CLANG_WARN_RANGE_LOOP_ANALYSIS = YES;
				CLANG_WARN_STRICT_PROTOTYPES = YES;
				CLANG_WARN_SUSPICIOUS_MOVE = YES;
				CLANG_WARN_UNGUARDED_AVAILABILITY = YES_AGGRESSIVE;
				CLANG_WARN_UNREACHABLE_CODE = YES;
				CLANG_WARN__DUPLICATE_METHOD_MATCH = YES;
				COPY_PHASE_STRIP = NO;
				DEBUG_INFORMATION_FORMAT = dwarf;
				ENABLE_STRICT_OBJC_MSGSEND = YES;
				ENABLE_TESTABILITY = YES;
				GCC_C_LANGUAGE_STANDARD = gnu11;
				GCC_DYNAMIC_NO_PIC = NO;
				GCC_NO_COMMON_BLOCKS = YES;
				GCC_OPTIMIZATION_LEVEL = 0;
				GCC_PREPROCESSOR_DEFINITIONS = (
					"DEBUG=1",
					"$(inherited)",
				);
				GCC_WARN_64_TO_32_BIT_CONVERSION = YES;
				GCC_WARN_ABOUT_RETURN_TYPE = YES_ERROR;
				GCC_WARN_UNDECLARED_SELECTOR = YES;
				GCC_WARN_UNINITIALIZED_AUTOS = YES_AGGRESSIVE;
				GCC_WARN_UNUSED_FUNCTION = YES;
				GCC_WARN_UNUSED_VARIABLE = YES;
				IPHONEOS_DEPLOYMENT_TARGET = 16.0;
				MTL_ENABLE_DEBUG_INFO = INCLUDE_SOURCE;
				MTL_FAST_MATH = YES;
				ONLY_ACTIVE_ARCH = YES;
				SDKROOT = iphoneos;
				SWIFT_ACTIVE_COMPILATION_CONDITIONS = DEBUG;
				SWIFT_OPTIMIZATION_LEVEL = "-Onone";
			};
			name = Debug;
		};
		B7D71E572906806B00234120 /* Release */ = {
			isa = XCBuildConfiguration;
			buildSettings = {
				ALWAYS_SEARCH_USER_PATHS = NO;
				CLANG_ANALYZER_NONNULL = YES;
				CLANG_ANALYZER_NUMBER_OBJECT_CONVERSION = YES_AGGRESSIVE;
				CLANG_CXX_LANGUAGE_STANDARD = "gnu++20";
				CLANG_ENABLE_MODULES = YES;
				CLANG_ENABLE_OBJC_ARC = YES;
				CLANG_ENABLE_OBJC_WEAK = YES;
				CLANG_WARN_BLOCK_CAPTURE_AUTORELEASING = YES;
				CLANG_WARN_BOOL_CONVERSION = YES;
				CLANG_WARN_COMMA = YES;
				CLANG_WARN_CONSTANT_CONVERSION = YES;
				CLANG_WARN_DEPRECATED_OBJC_IMPLEMENTATIONS = YES;
				CLANG_WARN_DIRECT_OBJC_ISA_USAGE = YES_ERROR;
				CLANG_WARN_DOCUMENTATION_COMMENTS = YES;
				CLANG_WARN_EMPTY_BODY = YES;
				CLANG_WARN_ENUM_CONVERSION = YES;
				CLANG_WARN_INFINITE_RECURSION = YES;
				CLANG_WARN_INT_CONVERSION = YES;
				CLANG_WARN_NON_LITERAL_NULL_CONVERSION = YES;
				CLANG_WARN_OBJC_IMPLICIT_RETAIN_SELF = YES;
				CLANG_WARN_OBJC_LITERAL_CONVERSION = YES;
				CLANG_WARN_OBJC_ROOT_CLASS = YES_ERROR;
				CLANG_WARN_QUOTED_INCLUDE_IN_FRAMEWORK_HEADER = YES;
				CLANG_WARN_RANGE_LOOP_ANALYSIS = YES;
				CLANG_WARN_STRICT_PROTOTYPES = YES;
				CLANG_WARN_SUSPICIOUS_MOVE = YES;
				CLANG_WARN_UNGUARDED_AVAILABILITY = YES_AGGRESSIVE;
				CLANG_WARN_UNREACHABLE_CODE = YES;
				CLANG_WARN__DUPLICATE_METHOD_MATCH = YES;
				COPY_PHASE_STRIP = NO;
				DEBUG_INFORMATION_FORMAT = "dwarf-with-dsym";
				ENABLE_NS_ASSERTIONS = NO;
				ENABLE_STRICT_OBJC_MSGSEND = YES;
				GCC_C_LANGUAGE_STANDARD = gnu11;
				GCC_NO_COMMON_BLOCKS = YES;
				GCC_WARN_64_TO_32_BIT_CONVERSION = YES;
				GCC_WARN_ABOUT_RETURN_TYPE = YES_ERROR;
				GCC_WARN_UNDECLARED_SELECTOR = YES;
				GCC_WARN_UNINITIALIZED_AUTOS = YES_AGGRESSIVE;
				GCC_WARN_UNUSED_FUNCTION = YES;
				GCC_WARN_UNUSED_VARIABLE = YES;
				IPHONEOS_DEPLOYMENT_TARGET = 16.0;
				MTL_ENABLE_DEBUG_INFO = NO;
				MTL_FAST_MATH = YES;
				SDKROOT = iphoneos;
				SWIFT_COMPILATION_MODE = wholemodule;
				SWIFT_OPTIMIZATION_LEVEL = "-O";
				VALIDATE_PRODUCT = YES;
			};
			name = Release;
		};
		B7D71E592906806B00234120 /* Debug */ = {
			isa = XCBuildConfiguration;
			buildSettings = {
				ASSETCATALOG_COMPILER_APPICON_NAME = AppIcon;
				ASSETCATALOG_COMPILER_GLOBAL_ACCENT_COLOR_NAME = AccentColor;
				CODE_SIGN_STYLE = Automatic;
				CURRENT_PROJECT_VERSION = 1;
				DEVELOPMENT_ASSET_PATHS = "\"Payback/Preview Content\"";
				DEVELOPMENT_TEAM = P47CZ87RVS;
				ENABLE_PREVIEWS = YES;
				GENERATE_INFOPLIST_FILE = YES;
				INFOPLIST_KEY_UIApplicationSceneManifest_Generation = YES;
				INFOPLIST_KEY_UIApplicationSupportsIndirectInputEvents = YES;
				INFOPLIST_KEY_UILaunchScreen_Generation = YES;
				INFOPLIST_KEY_UISupportedInterfaceOrientations_iPad = "UIInterfaceOrientationPortrait UIInterfaceOrientationPortraitUpsideDown UIInterfaceOrientationLandscapeLeft UIInterfaceOrientationLandscapeRight";
				INFOPLIST_KEY_UISupportedInterfaceOrientations_iPhone = "UIInterfaceOrientationPortrait UIInterfaceOrientationLandscapeLeft UIInterfaceOrientationLandscapeRight";
				LD_RUNPATH_SEARCH_PATHS = (
					"$(inherited)",
					"@executable_path/Frameworks",
				);
				MARKETING_VERSION = 1.0;
				PRODUCT_BUNDLE_IDENTIFIER = Ubah.Payback;
				PRODUCT_NAME = "$(TARGET_NAME)";
				SWIFT_EMIT_LOC_STRINGS = YES;
				SWIFT_VERSION = 5.0;
				TARGETED_DEVICE_FAMILY = "1,2";
			};
			name = Debug;
		};
		B7D71E5A2906806B00234120 /* Release */ = {
			isa = XCBuildConfiguration;
			buildSettings = {
				ASSETCATALOG_COMPILER_APPICON_NAME = AppIcon;
				ASSETCATALOG_COMPILER_GLOBAL_ACCENT_COLOR_NAME = AccentColor;
				CODE_SIGN_STYLE = Automatic;
				CURRENT_PROJECT_VERSION = 1;
				DEVELOPMENT_ASSET_PATHS = "\"Payback/Preview Content\"";
				DEVELOPMENT_TEAM = P47CZ87RVS;
				ENABLE_PREVIEWS = YES;
				GENERATE_INFOPLIST_FILE = YES;
				INFOPLIST_KEY_UIApplicationSceneManifest_Generation = YES;
				INFOPLIST_KEY_UIApplicationSupportsIndirectInputEvents = YES;
				INFOPLIST_KEY_UILaunchScreen_Generation = YES;
				INFOPLIST_KEY_UISupportedInterfaceOrientations_iPad = "UIInterfaceOrientationPortrait UIInterfaceOrientationPortraitUpsideDown UIInterfaceOrientationLandscapeLeft UIInterfaceOrientationLandscapeRight";
				INFOPLIST_KEY_UISupportedInterfaceOrientations_iPhone = "UIInterfaceOrientationPortrait UIInterfaceOrientationLandscapeLeft UIInterfaceOrientationLandscapeRight";
				LD_RUNPATH_SEARCH_PATHS = (
					"$(inherited)",
					"@executable_path/Frameworks",
				);
				MARKETING_VERSION = 1.0;
				PRODUCT_BUNDLE_IDENTIFIER = Ubah.Payback;
				PRODUCT_NAME = "$(TARGET_NAME)";
				SWIFT_EMIT_LOC_STRINGS = YES;
				SWIFT_VERSION = 5.0;
				TARGETED_DEVICE_FAMILY = "1,2";
			};
			name = Release;
		};
/* End XCBuildConfiguration section */

/* Begin XCConfigurationList section */
		B7D71E402906806A00234120 /* Build configuration list for PBXProject "Payback" */ = {
			isa = XCConfigurationList;
			buildConfigurations = (
				B7D71E562906806B00234120 /* Debug */,
				B7D71E572906806B00234120 /* Release */,
			);
			defaultConfigurationIsVisible = 0;
			defaultConfigurationName = Release;
		};
		B7D71E582906806B00234120 /* Build configuration list for PBXNativeTarget "Payback" */ = {
			isa = XCConfigurationList;
			buildConfigurations = (
				B7D71E592906806B00234120 /* Debug */,
				B7D71E5A2906806B00234120 /* Release */,
			);
			defaultConfigurationIsVisible = 0;
			defaultConfigurationName = Release;
		};
/* End XCConfigurationList section */

/* Begin XCVersionGroup section */
		B7D71E532906806B00234120 /* Payback.xcdatamodeld */ = {
			isa = XCVersionGroup;
			children = (
				B7D71E542906806B00234120 /* Payback.xcdatamodel */,
			);
			currentVersion = B7D71E542906806B00234120 /* Payback.xcdatamodel */;
			path = Payback.xcdatamodeld;
			sourceTree = "<group>";
			versionGroupType = wrapper.xcdatamodel;
		};
/* End XCVersionGroup section */
	};
	rootObject = B7D71E3D2906806A00234120 /* Project object */;
}
