// !$*UTF8*$!
{
	archiveVersion = 1;
	classes = {
	};
	objectVersion = 56;
	objects = {

/* Begin PBXBuildFile section */
		36AB7226CD7FB0311C7862D6 /* OrderItem.swift in Sources */ = {isa = PBXBuildFile; fileRef = 36AB79B969077B3FDD97A6F1 /* OrderItem.swift */; };
		36AB76E46994465B3094612F /* OrdersResponse.swift in Sources */ = {isa = PBXBuildFile; fileRef = 36AB72686A1C90C392F91370 /* OrdersResponse.swift */; };
		7DC8B7FD6B8E7D7C91A88C8A /* Pods_Payback.framework in Frameworks */ = {isa = PBXBuildFile; fileRef = BE9CDDA67681D74C3F3FC59B /* Pods_Payback.framework */; };
		B708C54C29B2185B0006C7DC /* Duty.swift in Sources */ = {isa = PBXBuildFile; fileRef = B708C54B29B2185B0006C7DC /* Duty.swift */; };
		B72056EE29B9BC5100362903 /* Formula.swift in Sources */ = {isa = PBXBuildFile; fileRef = B72056ED29B9BC5100362903 /* Formula.swift */; };
		B741987B299FDE71003CA61E /* SettingsView.swift in Sources */ = {isa = PBXBuildFile; fileRef = B741987A299FDE71003CA61E /* SettingsView.swift */; };
		B741987E299FDF37003CA61E /* SettingsLoginCityDriveView.swift in Sources */ = {isa = PBXBuildFile; fileRef = B741987C299FDF37003CA61E /* SettingsLoginCityDriveView.swift */; };
		B741987F299FDF37003CA61E /* SettingsLoginCityDriveSmsView.swift in Sources */ = {isa = PBXBuildFile; fileRef = B741987D299FDF37003CA61E /* SettingsLoginCityDriveSmsView.swift */; };
		B7419881299FF968003CA61E /* SessionResponse.swift in Sources */ = {isa = PBXBuildFile; fileRef = B7419880299FF968003CA61E /* SessionResponse.swift */; };
		B7419883299FFA14003CA61E /* SessionUser.swift in Sources */ = {isa = PBXBuildFile; fileRef = B7419882299FFA14003CA61E /* SessionUser.swift */; };
		B764715A290932AB005A3125 /* CellView.swift in Sources */ = {isa = PBXBuildFile; fileRef = B7647159290932AB005A3125 /* CellView.swift */; };
		B764837229AB8D7400D99D78 /* UserSettings.swift in Sources */ = {isa = PBXBuildFile; fileRef = B764837129AB8D7400D99D78 /* UserSettings.swift */; };
		B791E3AA29080F95006421FB /* StartView.swift in Sources */ = {isa = PBXBuildFile; fileRef = B791E3A929080F95006421FB /* StartView.swift */; };
		B791E3AC29081004006421FB /* StartButtonView.swift in Sources */ = {isa = PBXBuildFile; fileRef = B791E3AB29081004006421FB /* StartButtonView.swift */; };
		B7B4B7E229B7A37400B6D9AF /* Happy.png in Resources */ = {isa = PBXBuildFile; fileRef = B7B4B7DD29B7A37300B6D9AF /* Happy.png */; };
		B7B4B7E329B7A37400B6D9AF /* Airline.png in Resources */ = {isa = PBXBuildFile; fileRef = B7B4B7DE29B7A37300B6D9AF /* Airline.png */; };
		B7B4B7E429B7A37400B6D9AF /* DeadInside.png in Resources */ = {isa = PBXBuildFile; fileRef = B7B4B7DF29B7A37400B6D9AF /* DeadInside.png */; };
		B7B4B7E529B7A37400B6D9AF /* Doomer.png in Resources */ = {isa = PBXBuildFile; fileRef = B7B4B7E029B7A37400B6D9AF /* Doomer.png */; };
		B7B4B7E629B7A37400B6D9AF /* Alien.png in Resources */ = {isa = PBXBuildFile; fileRef = B7B4B7E129B7A37400B6D9AF /* Alien.png */; };
		B7B4B7E829B7A3AC00B6D9AF /* RetroWave.png in Resources */ = {isa = PBXBuildFile; fileRef = B7B4B7E729B7A3AC00B6D9AF /* RetroWave.png */; };
		B7B4B7EC29B7A6C800B6D9AF /* AppSettings.swift in Sources */ = {isa = PBXBuildFile; fileRef = B7B4B7EB29B7A6C800B6D9AF /* AppSettings.swift */; };
		B7BECCEB299FB4C100DF8D7C /* ApiRequest.swift in Sources */ = {isa = PBXBuildFile; fileRef = B7BECCEA299FB4C100DF8D7C /* ApiRequest.swift */; };
		B7BECCEE299FB64A00DF8D7C /* SmsCodeResponse.swift in Sources */ = {isa = PBXBuildFile; fileRef = B7BECCED299FB64A00DF8D7C /* SmsCodeResponse.swift */; };
		B7BECCF0299FC0FE00DF8D7C /* CityDriveManager.swift in Sources */ = {isa = PBXBuildFile; fileRef = B7BECCEF299FC0FE00DF8D7C /* CityDriveManager.swift */; };
		B7D71E492906806A00234120 /* PaybackApp.swift in Sources */ = {isa = PBXBuildFile; fileRef = B7D71E482906806A00234120 /* PaybackApp.swift */; };
		B7D71E4B2906806A00234120 /* ContentView.swift in Sources */ = {isa = PBXBuildFile; fileRef = B7D71E4A2906806A00234120 /* ContentView.swift */; };
		B7D71E4D2906806B00234120 /* Assets.xcassets in Resources */ = {isa = PBXBuildFile; fileRef = B7D71E4C2906806B00234120 /* Assets.xcassets */; };
		B7D71E502906806B00234120 /* Preview Assets.xcassets in Resources */ = {isa = PBXBuildFile; fileRef = B7D71E4F2906806B00234120 /* Preview Assets.xcassets */; };
		B7D71E5D2906811700234120 /* AddDutyView.swift in Sources */ = {isa = PBXBuildFile; fileRef = B7D71E5C2906811600234120 /* AddDutyView.swift */; };
		B7D71E5F290681AB00234120 /* AboutDutyView.swift in Sources */ = {isa = PBXBuildFile; fileRef = B7D71E5E290681AB00234120 /* AboutDutyView.swift */; };
		B7D71E612906825100234120 /* Function.swift in Sources */ = {isa = PBXBuildFile; fileRef = B7D71E602906825100234120 /* Function.swift */; };
/* End PBXBuildFile section */

/* Begin PBXFileReference section */
		36AB72686A1C90C392F91370 /* OrdersResponse.swift */ = {isa = PBXFileReference; fileEncoding = 4; lastKnownFileType = sourcecode.swift; path = OrdersResponse.swift; sourceTree = "<group>"; };
		36AB79B969077B3FDD97A6F1 /* OrderItem.swift */ = {isa = PBXFileReference; fileEncoding = 4; lastKnownFileType = sourcecode.swift; path = OrderItem.swift; sourceTree = "<group>"; };
		7054DC317BBF6ECB74EFF207 /* Pods-Payback.debug.xcconfig */ = {isa = PBXFileReference; includeInIndex = 1; lastKnownFileType = text.xcconfig; name = "Pods-Payback.debug.xcconfig"; path = "Target Support Files/Pods-Payback/Pods-Payback.debug.xcconfig"; sourceTree = "<group>"; };
		B708C54B29B2185B0006C7DC /* Duty.swift */ = {isa = PBXFileReference; lastKnownFileType = sourcecode.swift; path = Duty.swift; sourceTree = "<group>"; };
		B72056ED29B9BC5100362903 /* Formula.swift */ = {isa = PBXFileReference; lastKnownFileType = sourcecode.swift; path = Formula.swift; sourceTree = "<group>"; };
		B741987A299FDE71003CA61E /* SettingsView.swift */ = {isa = PBXFileReference; fileEncoding = 4; lastKnownFileType = sourcecode.swift; path = SettingsView.swift; sourceTree = "<group>"; };
		B741987C299FDF37003CA61E /* SettingsLoginCityDriveView.swift */ = {isa = PBXFileReference; fileEncoding = 4; lastKnownFileType = sourcecode.swift; path = SettingsLoginCityDriveView.swift; sourceTree = "<group>"; };
		B741987D299FDF37003CA61E /* SettingsLoginCityDriveSmsView.swift */ = {isa = PBXFileReference; fileEncoding = 4; lastKnownFileType = sourcecode.swift; path = SettingsLoginCityDriveSmsView.swift; sourceTree = "<group>"; };
		B7419880299FF968003CA61E /* SessionResponse.swift */ = {isa = PBXFileReference; lastKnownFileType = sourcecode.swift; path = SessionResponse.swift; sourceTree = "<group>"; };
		B7419882299FFA14003CA61E /* SessionUser.swift */ = {isa = PBXFileReference; lastKnownFileType = sourcecode.swift; path = SessionUser.swift; sourceTree = "<group>"; };
		B7647159290932AB005A3125 /* CellView.swift */ = {isa = PBXFileReference; lastKnownFileType = sourcecode.swift; path = CellView.swift; sourceTree = "<group>"; };
		B764837129AB8D7400D99D78 /* UserSettings.swift */ = {isa = PBXFileReference; lastKnownFileType = sourcecode.swift; path = UserSettings.swift; sourceTree = "<group>"; };
		B791E3A929080F95006421FB /* StartView.swift */ = {isa = PBXFileReference; lastKnownFileType = sourcecode.swift; path = StartView.swift; sourceTree = "<group>"; };
		B791E3AB29081004006421FB /* StartButtonView.swift */ = {isa = PBXFileReference; lastKnownFileType = sourcecode.swift; path = StartButtonView.swift; sourceTree = "<group>"; };
		B7B4B7DB29B7A2E000B6D9AF /* Info.plist */ = {isa = PBXFileReference; lastKnownFileType = text.plist; path = Info.plist; sourceTree = "<group>"; };
		B7B4B7DD29B7A37300B6D9AF /* Happy.png */ = {isa = PBXFileReference; lastKnownFileType = image.png; path = Happy.png; sourceTree = "<group>"; };
		B7B4B7DE29B7A37300B6D9AF /* Airline.png */ = {isa = PBXFileReference; lastKnownFileType = image.png; path = Airline.png; sourceTree = "<group>"; };
		B7B4B7DF29B7A37400B6D9AF /* DeadInside.png */ = {isa = PBXFileReference; lastKnownFileType = image.png; path = DeadInside.png; sourceTree = "<group>"; };
		B7B4B7E029B7A37400B6D9AF /* Doomer.png */ = {isa = PBXFileReference; lastKnownFileType = image.png; path = Doomer.png; sourceTree = "<group>"; };
		B7B4B7E129B7A37400B6D9AF /* Alien.png */ = {isa = PBXFileReference; lastKnownFileType = image.png; path = Alien.png; sourceTree = "<group>"; };
		B7B4B7E729B7A3AC00B6D9AF /* RetroWave.png */ = {isa = PBXFileReference; lastKnownFileType = image.png; path = RetroWave.png; sourceTree = "<group>"; };
		B7B4B7EB29B7A6C800B6D9AF /* AppSettings.swift */ = {isa = PBXFileReference; lastKnownFileType = sourcecode.swift; path = AppSettings.swift; sourceTree = "<group>"; };
		B7BECCEA299FB4C100DF8D7C /* ApiRequest.swift */ = {isa = PBXFileReference; lastKnownFileType = sourcecode.swift; path = ApiRequest.swift; sourceTree = "<group>"; };
		B7BECCED299FB64A00DF8D7C /* SmsCodeResponse.swift */ = {isa = PBXFileReference; lastKnownFileType = sourcecode.swift; path = SmsCodeResponse.swift; sourceTree = "<group>"; };
		B7BECCEF299FC0FE00DF8D7C /* CityDriveManager.swift */ = {isa = PBXFileReference; lastKnownFileType = sourcecode.swift; path = CityDriveManager.swift; sourceTree = "<group>"; };
		B7D71E452906806A00234120 /* Payback.app */ = {isa = PBXFileReference; explicitFileType = wrapper.application; includeInIndex = 0; path = Payback.app; sourceTree = BUILT_PRODUCTS_DIR; };
		B7D71E482906806A00234120 /* PaybackApp.swift */ = {isa = PBXFileReference; lastKnownFileType = sourcecode.swift; path = PaybackApp.swift; sourceTree = "<group>"; };
		B7D71E4A2906806A00234120 /* ContentView.swift */ = {isa = PBXFileReference; lastKnownFileType = sourcecode.swift; name = ContentView.swift; path = ../ContentView.swift; sourceTree = "<group>"; };
		B7D71E4C2906806B00234120 /* Assets.xcassets */ = {isa = PBXFileReference; lastKnownFileType = folder.assetcatalog; path = Assets.xcassets; sourceTree = "<group>"; };
		B7D71E4F2906806B00234120 /* Preview Assets.xcassets */ = {isa = PBXFileReference; lastKnownFileType = folder.assetcatalog; path = "Preview Assets.xcassets"; sourceTree = "<group>"; };
		B7D71E5C2906811600234120 /* AddDutyView.swift */ = {isa = PBXFileReference; lastKnownFileType = sourcecode.swift; path = AddDutyView.swift; sourceTree = "<group>"; };
		B7D71E5E290681AB00234120 /* AboutDutyView.swift */ = {isa = PBXFileReference; lastKnownFileType = sourcecode.swift; path = AboutDutyView.swift; sourceTree = "<group>"; };
		B7D71E602906825100234120 /* Function.swift */ = {isa = PBXFileReference; lastKnownFileType = sourcecode.swift; path = Function.swift; sourceTree = "<group>"; };
		BE9CDDA67681D74C3F3FC59B /* Pods_Payback.framework */ = {isa = PBXFileReference; explicitFileType = wrapper.framework; includeInIndex = 0; path = Pods_Payback.framework; sourceTree = BUILT_PRODUCTS_DIR; };
		DB110AD16B1D82B0A0C96521 /* Pods-Payback.release.xcconfig */ = {isa = PBXFileReference; includeInIndex = 1; lastKnownFileType = text.xcconfig; name = "Pods-Payback.release.xcconfig"; path = "Target Support Files/Pods-Payback/Pods-Payback.release.xcconfig"; sourceTree = "<group>"; };
/* End PBXFileReference section */

/* Begin PBXFrameworksBuildPhase section */
		B7D71E422906806A00234120 /* Frameworks */ = {
			isa = PBXFrameworksBuildPhase;
			buildActionMask = 2147483647;
			files = (
				7DC8B7FD6B8E7D7C91A88C8A /* Pods_Payback.framework in Frameworks */,
			);
			runOnlyForDeploymentPostprocessing = 0;
		};
/* End PBXFrameworksBuildPhase section */

/* Begin PBXGroup section */
		45FB58EA4DFF87ECBE020D6F /* Frameworks */ = {
			isa = PBXGroup;
			children = (
				BE9CDDA67681D74C3F3FC59B /* Pods_Payback.framework */,
			);
			name = Frameworks;
			sourceTree = "<group>";
		};
		A520B3BAF16B6A280F056C10 /* Pods */ = {
			isa = PBXGroup;
			children = (
				7054DC317BBF6ECB74EFF207 /* Pods-Payback.debug.xcconfig */,
				DB110AD16B1D82B0A0C96521 /* Pods-Payback.release.xcconfig */,
			);
			path = Pods;
			sourceTree = "<group>";
		};
		B708702C29A5087200B53B54 /* Common */ = {
			isa = PBXGroup;
			children = (
				B791E3AD2908130C006421FB /* Models */,
			);
			path = Common;
			sourceTree = "<group>";
		};
		B791E3AD2908130C006421FB /* Models */ = {
			isa = PBXGroup;
			children = (
				B7BECCEC299FB60F00DF8D7C /* ApiResponses */,
				B764837129AB8D7400D99D78 /* UserSettings.swift */,
				B708C54B29B2185B0006C7DC /* Duty.swift */,
			);
			path = Models;
			sourceTree = "<group>";
		};
		B7B4B7DC29B7A35400B6D9AF /* Assets */ = {
			isa = PBXGroup;
			children = (
				B7B4B7E729B7A3AC00B6D9AF /* RetroWave.png */,
				B7B4B7DD29B7A37300B6D9AF /* Happy.png */,
				B7B4B7E129B7A37400B6D9AF /* Alien.png */,
				B7B4B7DE29B7A37300B6D9AF /* Airline.png */,
				B7B4B7E029B7A37400B6D9AF /* Doomer.png */,
				B7B4B7DF29B7A37400B6D9AF /* DeadInside.png */,
			);
			path = Assets;
			sourceTree = "<group>";
		};
		B7BECCEC299FB60F00DF8D7C /* ApiResponses */ = {
			isa = PBXGroup;
			children = (
				B7BECCED299FB64A00DF8D7C /* SmsCodeResponse.swift */,
				B7419880299FF968003CA61E /* SessionResponse.swift */,
				B7419882299FFA14003CA61E /* SessionUser.swift */,
				36AB72686A1C90C392F91370 /* OrdersResponse.swift */,
				36AB79B969077B3FDD97A6F1 /* OrderItem.swift */,
			);
			path = ApiResponses;
			sourceTree = "<group>";
		};
		B7D71E3C2906806A00234120 = {
			isa = PBXGroup;
			children = (
				B7D71E472906806A00234120 /* Payback */,
				B7D71E462906806A00234120 /* Products */,
				A520B3BAF16B6A280F056C10 /* Pods */,
				45FB58EA4DFF87ECBE020D6F /* Frameworks */,
			);
			sourceTree = "<group>";
		};
		B7D71E462906806A00234120 /* Products */ = {
			isa = PBXGroup;
			children = (
				B7D71E452906806A00234120 /* Payback.app */,
			);
			name = Products;
			sourceTree = "<group>";
		};
		B7D71E472906806A00234120 /* Payback */ = {
			isa = PBXGroup;
			children = (
				B7B4B7DC29B7A35400B6D9AF /* Assets */,
				B7B4B7DB29B7A2E000B6D9AF /* Info.plist */,
				B708702C29A5087200B53B54 /* Common */,
				B7D71E5B290680AD00234120 /* View */,
				B7D71E482906806A00234120 /* PaybackApp.swift */,
				B7D71E4C2906806B00234120 /* Assets.xcassets */,
				B7D71E4E2906806B00234120 /* Preview Content */,
				B7D71E602906825100234120 /* Function.swift */,
				B7BECCEA299FB4C100DF8D7C /* ApiRequest.swift */,
				B7BECCEF299FC0FE00DF8D7C /* CityDriveManager.swift */,
				B7B4B7EB29B7A6C800B6D9AF /* AppSettings.swift */,
				B72056ED29B9BC5100362903 /* Formula.swift */,
			);
			path = Payback;
			sourceTree = "<group>";
		};
		B7D71E4E2906806B00234120 /* Preview Content */ = {
			isa = PBXGroup;
			children = (
				B7D71E4F2906806B00234120 /* Preview Assets.xcassets */,
			);
			path = "Preview Content";
			sourceTree = "<group>";
		};
		B7D71E5B290680AD00234120 /* View */ = {
			isa = PBXGroup;
			children = (
				B741987D299FDF37003CA61E /* SettingsLoginCityDriveSmsView.swift */,
				B741987C299FDF37003CA61E /* SettingsLoginCityDriveView.swift */,
				B741987A299FDE71003CA61E /* SettingsView.swift */,
				B7D71E4A2906806A00234120 /* ContentView.swift */,
				B7D71E5C2906811600234120 /* AddDutyView.swift */,
				B7D71E5E290681AB00234120 /* AboutDutyView.swift */,
				B791E3A929080F95006421FB /* StartView.swift */,
				B791E3AB29081004006421FB /* StartButtonView.swift */,
				B7647159290932AB005A3125 /* CellView.swift */,
			);
			path = View;
			sourceTree = "<group>";
		};
/* End PBXGroup section */

/* Begin PBXNativeTarget section */
		B7D71E442906806A00234120 /* Payback */ = {
			isa = PBXNativeTarget;
			buildConfigurationList = B7D71E582906806B00234120 /* Build configuration list for PBXNativeTarget "Payback" */;
			buildPhases = (
				DDCE54F4AE53A924396C6767 /* [CP] Check Pods Manifest.lock */,
				B7D71E412906806A00234120 /* Sources */,
				B7D71E422906806A00234120 /* Frameworks */,
				B7D71E432906806A00234120 /* Resources */,
				0C366013E7EA3352612B9809 /* [CP] Embed Pods Frameworks */,
			);
			buildRules = (
			);
			dependencies = (
			);
			name = Payback;
			packageProductDependencies = (
			);
			productName = Payback;
			productReference = B7D71E452906806A00234120 /* Payback.app */;
			productType = "com.apple.product-type.application";
		};
/* End PBXNativeTarget section */

/* Begin PBXProject section */
		B7D71E3D2906806A00234120 /* Project object */ = {
			isa = PBXProject;
			attributes = {
				BuildIndependentTargetsInParallel = 1;
				LastSwiftUpdateCheck = 1400;
				LastUpgradeCheck = 1400;
				TargetAttributes = {
					B7D71E442906806A00234120 = {
						CreatedOnToolsVersion = 14.0.1;
					};
				};
			};
			buildConfigurationList = B7D71E402906806A00234120 /* Build configuration list for PBXProject "Payback" */;
			compatibilityVersion = "Xcode 14.0";
			developmentRegion = en;
			hasScannedForEncodings = 0;
			knownRegions = (
				en,
				Base,
			);
			mainGroup = B7D71E3C2906806A00234120;
			packageReferences = (
				B7F5421A29B279D20095560C /* XCRemoteSwiftPackageReference "HotReloading" */,
			);
			productRefGroup = B7D71E462906806A00234120 /* Products */;
			projectDirPath = "";
			projectRoot = "";
			targets = (
				B7D71E442906806A00234120 /* Payback */,
			);
		};
/* End PBXProject section */

/* Begin PBXResourcesBuildPhase section */
		B7D71E432906806A00234120 /* Resources */ = {
			isa = PBXResourcesBuildPhase;
			buildActionMask = 2147483647;
			files = (
				B7D71E502906806B00234120 /* Preview Assets.xcassets in Resources */,
				B7B4B7E429B7A37400B6D9AF /* DeadInside.png in Resources */,
				B7B4B7E529B7A37400B6D9AF /* Doomer.png in Resources */,
				B7D71E4D2906806B00234120 /* Assets.xcassets in Resources */,
				B7B4B7E829B7A3AC00B6D9AF /* RetroWave.png in Resources */,
				B7B4B7E229B7A37400B6D9AF /* Happy.png in Resources */,
				B7B4B7E629B7A37400B6D9AF /* Alien.png in Resources */,
				B7B4B7E329B7A37400B6D9AF /* Airline.png in Resources */,
			);
			runOnlyForDeploymentPostprocessing = 0;
		};
/* End PBXResourcesBuildPhase section */

/* Begin PBXShellScriptBuildPhase section */
		0C366013E7EA3352612B9809 /* [CP] Embed Pods Frameworks */ = {
			isa = PBXShellScriptBuildPhase;
			buildActionMask = 2147483647;
			files = (
			);
			inputFileListPaths = (
				"${PODS_ROOT}/Target Support Files/Pods-Payback/Pods-Payback-frameworks-${CONFIGURATION}-input-files.xcfilelist",
			);
			name = "[CP] Embed Pods Frameworks";
			outputFileListPaths = (
				"${PODS_ROOT}/Target Support Files/Pods-Payback/Pods-Payback-frameworks-${CONFIGURATION}-output-files.xcfilelist",
			);
			runOnlyForDeploymentPostprocessing = 0;
			shellPath = /bin/sh;
			shellScript = "\"${PODS_ROOT}/Target Support Files/Pods-Payback/Pods-Payback-frameworks.sh\"\n";
			showEnvVarsInLog = 0;
		};
		DDCE54F4AE53A924396C6767 /* [CP] Check Pods Manifest.lock */ = {
			isa = PBXShellScriptBuildPhase;
			buildActionMask = 2147483647;
			files = (
			);
			inputFileListPaths = (
			);
			inputPaths = (
				"${PODS_PODFILE_DIR_PATH}/Podfile.lock",
				"${PODS_ROOT}/Manifest.lock",
			);
			name = "[CP] Check Pods Manifest.lock";
			outputFileListPaths = (
			);
			outputPaths = (
				"$(DERIVED_FILE_DIR)/Pods-Payback-checkManifestLockResult.txt",
			);
			runOnlyForDeploymentPostprocessing = 0;
			shellPath = /bin/sh;
			shellScript = "diff \"${PODS_PODFILE_DIR_PATH}/Podfile.lock\" \"${PODS_ROOT}/Manifest.lock\" > /dev/null\nif [ $? != 0 ] ; then\n    # print error to STDERR\n    echo \"error: The sandbox is not in sync with the Podfile.lock. Run 'pod install' or update your CocoaPods installation.\" >&2\n    exit 1\nfi\n# This output is used by Xcode 'outputs' to avoid re-running this script phase.\necho \"SUCCESS\" > \"${SCRIPT_OUTPUT_FILE_0}\"\n";
			showEnvVarsInLog = 0;
		};
/* End PBXShellScriptBuildPhase section */

/* Begin PBXSourcesBuildPhase section */
		B7D71E412906806A00234120 /* Sources */ = {
			isa = PBXSourcesBuildPhase;
			buildActionMask = 2147483647;
			files = (
				B741987B299FDE71003CA61E /* SettingsView.swift in Sources */,
				B791E3AC29081004006421FB /* StartButtonView.swift in Sources */,
				B7B4B7EC29B7A6C800B6D9AF /* AppSettings.swift in Sources */,
				B7BECCF0299FC0FE00DF8D7C /* CityDriveManager.swift in Sources */,
				B7D71E5F290681AB00234120 /* AboutDutyView.swift in Sources */,
				B7BECCEE299FB64A00DF8D7C /* SmsCodeResponse.swift in Sources */,
				B7419881299FF968003CA61E /* SessionResponse.swift in Sources */,
				B7BECCEB299FB4C100DF8D7C /* ApiRequest.swift in Sources */,
				B708C54C29B2185B0006C7DC /* Duty.swift in Sources */,
				B741987F299FDF37003CA61E /* SettingsLoginCityDriveSmsView.swift in Sources */,
				B741987E299FDF37003CA61E /* SettingsLoginCityDriveView.swift in Sources */,
				B7D71E5D2906811700234120 /* AddDutyView.swift in Sources */,
				B7D71E612906825100234120 /* Function.swift in Sources */,
				B7419883299FFA14003CA61E /* SessionUser.swift in Sources */,
				B791E3AA29080F95006421FB /* StartView.swift in Sources */,
				B764837229AB8D7400D99D78 /* UserSettings.swift in Sources */,
				B764715A290932AB005A3125 /* CellView.swift in Sources */,
				B7D71E4B2906806A00234120 /* ContentView.swift in Sources */,
				B72056EE29B9BC5100362903 /* Formula.swift in Sources */,
				B7D71E492906806A00234120 /* PaybackApp.swift in Sources */,
				36AB76E46994465B3094612F /* OrdersResponse.swift in Sources */,
				36AB7226CD7FB0311C7862D6 /* OrderItem.swift in Sources */,
			);
			runOnlyForDeploymentPostprocessing = 0;
		};
/* End PBXSourcesBuildPhase section */

/* Begin XCBuildConfiguration section */
		B7D71E562906806B00234120 /* Debug */ = {
			isa = XCBuildConfiguration;
			buildSettings = {
				ALWAYS_SEARCH_USER_PATHS = NO;
				CLANG_ANALYZER_NONNULL = YES;
				CLANG_ANALYZER_NUMBER_OBJECT_CONVERSION = YES_AGGRESSIVE;
				CLANG_CXX_LANGUAGE_STANDARD = "gnu++20";
				CLANG_ENABLE_MODULES = YES;
				CLANG_ENABLE_OBJC_ARC = YES;
				CLANG_ENABLE_OBJC_WEAK = YES;
				CLANG_WARN_BLOCK_CAPTURE_AUTORELEASING = YES;
				CLANG_WARN_BOOL_CONVERSION = YES;
				CLANG_WARN_COMMA = YES;
				CLANG_WARN_CONSTANT_CONVERSION = YES;
				CLANG_WARN_DEPRECATED_OBJC_IMPLEMENTATIONS = YES;
				CLANG_WARN_DIRECT_OBJC_ISA_USAGE = YES_ERROR;
				CLANG_WARN_DOCUMENTATION_COMMENTS = YES;
				CLANG_WARN_EMPTY_BODY = YES;
				CLANG_WARN_ENUM_CONVERSION = YES;
				CLANG_WARN_INFINITE_RECURSION = YES;
				CLANG_WARN_INT_CONVERSION = YES;
				CLANG_WARN_NON_LITERAL_NULL_CONVERSION = YES;
				CLANG_WARN_OBJC_IMPLICIT_RETAIN_SELF = YES;
				CLANG_WARN_OBJC_LITERAL_CONVERSION = YES;
				CLANG_WARN_OBJC_ROOT_CLASS = YES_ERROR;
				CLANG_WARN_QUOTED_INCLUDE_IN_FRAMEWORK_HEADER = YES;
				CLANG_WARN_RANGE_LOOP_ANALYSIS = YES;
				CLANG_WARN_STRICT_PROTOTYPES = YES;
				CLANG_WARN_SUSPICIOUS_MOVE = YES;
				CLANG_WARN_UNGUARDED_AVAILABILITY = YES_AGGRESSIVE;
				CLANG_WARN_UNREACHABLE_CODE = YES;
				CLANG_WARN__DUPLICATE_METHOD_MATCH = YES;
				COPY_PHASE_STRIP = NO;
				DEBUG_INFORMATION_FORMAT = dwarf;
				ENABLE_STRICT_OBJC_MSGSEND = YES;
				ENABLE_TESTABILITY = YES;
				GCC_C_LANGUAGE_STANDARD = gnu11;
				GCC_DYNAMIC_NO_PIC = NO;
				GCC_NO_COMMON_BLOCKS = YES;
				GCC_OPTIMIZATION_LEVEL = 0;
				GCC_PREPROCESSOR_DEFINITIONS = (
					"DEBUG=1",
					"$(inherited)",
				);
				GCC_WARN_64_TO_32_BIT_CONVERSION = YES;
				GCC_WARN_ABOUT_RETURN_TYPE = YES_ERROR;
				GCC_WARN_UNDECLARED_SELECTOR = YES;
				GCC_WARN_UNINITIALIZED_AUTOS = YES_AGGRESSIVE;
				GCC_WARN_UNUSED_FUNCTION = YES;
				GCC_WARN_UNUSED_VARIABLE = YES;
				IPHONEOS_DEPLOYMENT_TARGET = 16.0;
				MTL_ENABLE_DEBUG_INFO = INCLUDE_SOURCE;
				MTL_FAST_MATH = YES;
				ONLY_ACTIVE_ARCH = YES;
				OTHER_LDFLAGS = "\"-Xlinker -interposable\"";
				SDKROOT = iphoneos;
				SWIFT_ACTIVE_COMPILATION_CONDITIONS = DEBUG;
				SWIFT_OPTIMIZATION_LEVEL = "-Onone";
			};
			name = Debug;
		};
		B7D71E572906806B00234120 /* Release */ = {
			isa = XCBuildConfiguration;
			buildSettings = {
				ALWAYS_SEARCH_USER_PATHS = NO;
				CLANG_ANALYZER_NONNULL = YES;
				CLANG_ANALYZER_NUMBER_OBJECT_CONVERSION = YES_AGGRESSIVE;
				CLANG_CXX_LANGUAGE_STANDARD = "gnu++20";
				CLANG_ENABLE_MODULES = YES;
				CLANG_ENABLE_OBJC_ARC = YES;
				CLANG_ENABLE_OBJC_WEAK = YES;
				CLANG_WARN_BLOCK_CAPTURE_AUTORELEASING = YES;
				CLANG_WARN_BOOL_CONVERSION = YES;
				CLANG_WARN_COMMA = YES;
				CLANG_WARN_CONSTANT_CONVERSION = YES;
				CLANG_WARN_DEPRECATED_OBJC_IMPLEMENTATIONS = YES;
				CLANG_WARN_DIRECT_OBJC_ISA_USAGE = YES_ERROR;
				CLANG_WARN_DOCUMENTATION_COMMENTS = YES;
				CLANG_WARN_EMPTY_BODY = YES;
				CLANG_WARN_ENUM_CONVERSION = YES;
				CLANG_WARN_INFINITE_RECURSION = YES;
				CLANG_WARN_INT_CONVERSION = YES;
				CLANG_WARN_NON_LITERAL_NULL_CONVERSION = YES;
				CLANG_WARN_OBJC_IMPLICIT_RETAIN_SELF = YES;
				CLANG_WARN_OBJC_LITERAL_CONVERSION = YES;
				CLANG_WARN_OBJC_ROOT_CLASS = YES_ERROR;
				CLANG_WARN_QUOTED_INCLUDE_IN_FRAMEWORK_HEADER = YES;
				CLANG_WARN_RANGE_LOOP_ANALYSIS = YES;
				CLANG_WARN_STRICT_PROTOTYPES = YES;
				CLANG_WARN_SUSPICIOUS_MOVE = YES;
				CLANG_WARN_UNGUARDED_AVAILABILITY = YES_AGGRESSIVE;
				CLANG_WARN_UNREACHABLE_CODE = YES;
				CLANG_WARN__DUPLICATE_METHOD_MATCH = YES;
				COPY_PHASE_STRIP = NO;
				DEBUG_INFORMATION_FORMAT = "dwarf-with-dsym";
				ENABLE_NS_ASSERTIONS = NO;
				ENABLE_STRICT_OBJC_MSGSEND = YES;
				GCC_C_LANGUAGE_STANDARD = gnu11;
				GCC_NO_COMMON_BLOCKS = YES;
				GCC_WARN_64_TO_32_BIT_CONVERSION = YES;
				GCC_WARN_ABOUT_RETURN_TYPE = YES_ERROR;
				GCC_WARN_UNDECLARED_SELECTOR = YES;
				GCC_WARN_UNINITIALIZED_AUTOS = YES_AGGRESSIVE;
				GCC_WARN_UNUSED_FUNCTION = YES;
				GCC_WARN_UNUSED_VARIABLE = YES;
				IPHONEOS_DEPLOYMENT_TARGET = 16.0;
				MTL_ENABLE_DEBUG_INFO = NO;
				MTL_FAST_MATH = YES;
				OTHER_LDFLAGS = "\"-Xlinker -interposable\"";
				SDKROOT = iphoneos;
				SWIFT_COMPILATION_MODE = wholemodule;
				SWIFT_OPTIMIZATION_LEVEL = "-O";
				VALIDATE_PRODUCT = YES;
			};
			name = Release;
		};
		B7D71E592906806B00234120 /* Debug */ = {
			isa = XCBuildConfiguration;
			baseConfigurationReference = 7054DC317BBF6ECB74EFF207 /* Pods-Payback.debug.xcconfig */;
			buildSettings = {
				ASSETCATALOG_COMPILER_APPICON_NAME = AppIcon;
				ASSETCATALOG_COMPILER_GLOBAL_ACCENT_COLOR_NAME = AccentColor;
				CODE_SIGN_STYLE = Automatic;
				CURRENT_PROJECT_VERSION = 1;
				DEVELOPMENT_ASSET_PATHS = "\"Payback/Preview Content\"";
				DEVELOPMENT_TEAM = P47CZ87RVS;
				ENABLE_PREVIEWS = YES;
				GENERATE_INFOPLIST_FILE = YES;
				INFOPLIST_FILE = Payback/Info.plist;
				INFOPLIST_KEY_UIApplicationSceneManifest_Generation = YES;
				INFOPLIST_KEY_UIApplicationSupportsIndirectInputEvents = YES;
				INFOPLIST_KEY_UILaunchScreen_Generation = YES;
				INFOPLIST_KEY_UISupportedInterfaceOrientations = UIInterfaceOrientationPortrait;
				INFOPLIST_KEY_UISupportedInterfaceOrientations_iPad = "UIInterfaceOrientationLandscapeLeft UIInterfaceOrientationLandscapeRight UIInterfaceOrientationPortrait UIInterfaceOrientationPortraitUpsideDown";
				LD_RUNPATH_SEARCH_PATHS = (
					"$(inherited)",
					"@executable_path/Frameworks",
				);
				MARKETING_VERSION = 1.0;
				PRODUCT_BUNDLE_IDENTIFIER = Ubah.Payback;
				PRODUCT_NAME = "$(TARGET_NAME)";
				SWIFT_EMIT_LOC_STRINGS = YES;
				SWIFT_VERSION = 5.0;
				TARGETED_DEVICE_FAMILY = "1,2";
			};
			name = Debug;
		};
		B7D71E5A2906806B00234120 /* Release */ = {
			isa = XCBuildConfiguration;
			baseConfigurationReference = DB110AD16B1D82B0A0C96521 /* Pods-Payback.release.xcconfig */;
			buildSettings = {
				ASSETCATALOG_COMPILER_APPICON_NAME = AppIcon;
				ASSETCATALOG_COMPILER_GLOBAL_ACCENT_COLOR_NAME = AccentColor;
				CODE_SIGN_STYLE = Automatic;
				CURRENT_PROJECT_VERSION = 1;
				DEVELOPMENT_ASSET_PATHS = "\"Payback/Preview Content\"";
				DEVELOPMENT_TEAM = P47CZ87RVS;
				ENABLE_PREVIEWS = YES;
				GENERATE_INFOPLIST_FILE = YES;
				INFOPLIST_FILE = Payback/Info.plist;
				INFOPLIST_KEY_UIApplicationSceneManifest_Generation = YES;
				INFOPLIST_KEY_UIApplicationSupportsIndirectInputEvents = YES;
				INFOPLIST_KEY_UILaunchScreen_Generation = YES;
				INFOPLIST_KEY_UISupportedInterfaceOrientations = UIInterfaceOrientationPortrait;
				INFOPLIST_KEY_UISupportedInterfaceOrientations_iPad = "UIInterfaceOrientationLandscapeLeft UIInterfaceOrientationLandscapeRight UIInterfaceOrientationPortrait UIInterfaceOrientationPortraitUpsideDown";
				LD_RUNPATH_SEARCH_PATHS = (
					"$(inherited)",
					"@executable_path/Frameworks",
				);
				MARKETING_VERSION = 1.0;
				PRODUCT_BUNDLE_IDENTIFIER = Ubah.Payback;
				PRODUCT_NAME = "$(TARGET_NAME)";
				SWIFT_EMIT_LOC_STRINGS = YES;
				SWIFT_VERSION = 5.0;
				TARGETED_DEVICE_FAMILY = "1,2";
			};
			name = Release;
		};
/* End XCBuildConfiguration section */

/* Begin XCConfigurationList section */
		B7D71E402906806A00234120 /* Build configuration list for PBXProject "Payback" */ = {
			isa = XCConfigurationList;
			buildConfigurations = (
				B7D71E562906806B00234120 /* Debug */,
				B7D71E572906806B00234120 /* Release */,
			);
			defaultConfigurationIsVisible = 0;
			defaultConfigurationName = Release;
		};
		B7D71E582906806B00234120 /* Build configuration list for PBXNativeTarget "Payback" */ = {
			isa = XCConfigurationList;
			buildConfigurations = (
				B7D71E592906806B00234120 /* Debug */,
				B7D71E5A2906806B00234120 /* Release */,
			);
			defaultConfigurationIsVisible = 0;
			defaultConfigurationName = Release;
		};
/* End XCConfigurationList section */

/* Begin XCRemoteSwiftPackageReference section */
		B7F5421A29B279D20095560C /* XCRemoteSwiftPackageReference "HotReloading" */ = {
			isa = XCRemoteSwiftPackageReference;
			repositoryURL = "https://github.com/johnno1962/HotReloading.git";
			requirement = {
				branch = main;
				kind = branch;
			};
		};
/* End XCRemoteSwiftPackageReference section */
	};
	rootObject = B7D71E3D2906806A00234120 /* Project object */;
}
