{
  "pins" : [
    {
      "identity" : "hotreloading",
      "kind" : "remoteSourceControl",
      "location" : "https://github.com/johnno1962/HotReloading.git",
      "state" : {
        "branch" : "main",
        "revision" : "f042532883e532cbf3fd2eb751aebfa937ba354c"
      }
    },
    {
      "identity" : "remote",
      "kind" : "remoteSourceControl",
      "location" : "https://github.com/johnno1962/Remote",
      "state" : {
        "revision" : "2a03313297a15f31b354dbf2b40c62ca9630b0a1",
        "version" : "2.3.5"
      }
    },
    {
      "identity" : "swiftregex5",
      "kind" : "remoteSourceControl",
      "location" : "https://github.com/johnno1962/SwiftRegex5",
      "state" : {
        "revision" : "8ecb4a8570757b7f8bce72f82242742e13891f99",
        "version" : "5.2.3"
      }
    },
    {
      "identity" : "swifttrace",
      "kind" : "remoteSourceControl",
      "location" : "https://github.com/johnno1962/SwiftTrace",
      "state" : {
        "revision" : "0443b560ad6d1936ad7cbf0733cfa2ce74ae6e2e",
        "version" : "8.4.3"
      }
    },
    {
      "identity" : "xprobeplugin",
      "kind" : "remoteSourceControl",
      "location" : "https://github.com/johnno1962/XprobePlugin",
      "state" : {
        "revision" : "069a8c03ae6663175c369e3858a8372ea3ee95f4",
        "version" : "2.9.0"
      }
    }
  ],
  "version" : 2
}
